{
  "nodes": {
    "assets": {
      "flake": false,
      "locked": {
        "lastModified": 1757778890,
        "narHash": "sha256-aP2+JLT5CUKv4XfgTOlLoiUDOq8TKhKzECv1u98rvrc=",
        "owner": "ELEPOT",
        "repo": "nixos-assets",
        "rev": "e529e92f4710c3f8fee1f3ebf7eded2c4207f1e0",
        "type": "github"
      },
      "original": {
        "owner": "ELEPOT",
        "repo": "nixos-assets",
        "type": "github"
      }
    },
    "home-manager": {
      "inputs": {
        "nixpkgs": [
          "nixpkgs"
        ]
      },
      "locked": {
        "lastModified": 1757698511,
        "narHash": "sha256-UqHHGydF/q3jfYXCpvYLA0TWtvByOp1NwOKCUjhYmPs=",
        "owner": "nix-community",
        "repo": "home-manager",
        "rev": "a3fcc92180c7462082cd849498369591dfb20855",
        "type": "github"
      },
      "original": {
        "owner": "nix-community",
        "repo": "home-manager",
        "type": "github"
      }
    },
    "nixpkgs": {
      "locked": {
        "lastModified": 1755615617,
        "narHash": "sha256-HMwfAJBdrr8wXAkbGhtcby1zGFvs+StOp19xNsbqdOg=",
        "owner": "nixos",
        "repo": "nixpkgs",
        "rev": "20075955deac2583bb12f07151c2df830ef346b4",
        "type": "github"
      },
      "original": {
        "owner": "nixos",
        "ref": "nixos-unstable",
        "repo": "nixpkgs",
        "type": "github"
      }
    },
    "nixpkgs_2": {
      "locked": {
        "lastModified": 1751792365,
        "narHash": "sha256-J1kI6oAj25IG4EdVlg2hQz8NZTBNYvIS0l4wpr9KcUo=",
        "owner": "nixos",
        "repo": "nixpkgs",
        "rev": "1fd8bada0b6117e6c7eb54aad5813023eed37ccb",
        "type": "github"
      },
      "original": {
        "owner": "nixos",
        "ref": "nixos-unstable",
        "repo": "nixpkgs",
        "type": "github"
      }
    },
    "root": {
      "inputs": {
        "assets": "assets",
        "home-manager": "home-manager",
        "nixpkgs": "nixpkgs",
        "zen-browser": "zen-browser"
      }
    },
    "zen-browser": {
      "inputs": {
        "nixpkgs": "nixpkgs_2"
      },
      "locked": {
        "lastModified": 1752025719,
        "narHash": "sha256-bIWJl++0JZc+P34nSLWviPqLcYjTESsFgQ4rFEOgbXA=",
        "owner": "DanMyers300",
        "repo": "zen-browser-flake",
        "rev": "e4023ff773ce87bf05e42e8c4716b9dfe98d6c02",
        "type": "github"
      },
      "original": {
        "owner": "DanMyers300",
        "repo": "zen-browser-flake",
        "type": "github"
      }
    }
  },
  "root": "root",
  "version": 7
}
